// !$*UTF8*$!
{
	archiveVersion = 1;
	classes = {
	};
	objectVersion = 56;
	objects = {

/* Begin PBXBuildFile section */
		6A359B0A292F6FC50065AF96 /* MapViewModel.swift in Sources */ = {isa = PBXBuildFile; fileRef = 6A359B09292F6FC50065AF96 /* MapViewModel.swift */; };
		6A359B0C292F71B10065AF96 /* MapViewScreen.swift in Sources */ = {isa = PBXBuildFile; fileRef = 6A359B0B292F71B10065AF96 /* MapViewScreen.swift */; };
		6A359B14292F7D470065AF96 /* MapKit.framework in Frameworks */ = {isa = PBXBuildFile; fileRef = 6A359B0E292F7C940065AF96 /* MapKit.framework */; };
		6A359B18292FAFC50065AF96 /* Place.swift in Sources */ = {isa = PBXBuildFile; fileRef = 6A359B17292FAFC50065AF96 /* Place.swift */; };
		6A366AA4292542590059CD29 /* RideModel.swift in Sources */ = {isa = PBXBuildFile; fileRef = 6A366AA3292542590059CD29 /* RideModel.swift */; };
		6A366AA9292544AD0059CD29 /* RideCard.swift in Sources */ = {isa = PBXBuildFile; fileRef = 6A366AA8292544AD0059CD29 /* RideCard.swift */; };
		6A418AB929264C4800E82224 /* MapView.swift in Sources */ = {isa = PBXBuildFile; fileRef = 6A418AB829264C4800E82224 /* MapView.swift */; };
		6A418ABB29264EBB00E82224 /* RideListView.swift in Sources */ = {isa = PBXBuildFile; fileRef = 6A418ABA29264EBB00E82224 /* RideListView.swift */; };
		6A5964542921466900EE9B52 /* sharemyway.swift in Sources */ = {isa = PBXBuildFile; fileRef = 6A5964532921466900EE9B52 /* sharemyway.swift */; };
		6A5964562921466900EE9B52 /* ContentView.swift in Sources */ = {isa = PBXBuildFile; fileRef = 6A5964552921466900EE9B52 /* ContentView.swift */; };
		6A5964582921466B00EE9B52 /* Assets.xcassets in Resources */ = {isa = PBXBuildFile; fileRef = 6A5964572921466B00EE9B52 /* Assets.xcassets */; };
		6A59645B2921466B00EE9B52 /* Preview Assets.xcassets in Resources */ = {isa = PBXBuildFile; fileRef = 6A59645A2921466B00EE9B52 /* Preview Assets.xcassets */; };
		6A98E21229262AB000260AB2 /* RideDetailView.swift in Sources */ = {isa = PBXBuildFile; fileRef = 6A98E21129262AB000260AB2 /* RideDetailView.swift */; };
/* End PBXBuildFile section */

/* Begin PBXFileReference section */
		6A359B09292F6FC50065AF96 /* MapViewModel.swift */ = {isa = PBXFileReference; lastKnownFileType = sourcecode.swift; path = MapViewModel.swift; sourceTree = "<group>"; };
		6A359B0B292F71B10065AF96 /* MapViewScreen.swift */ = {isa = PBXFileReference; lastKnownFileType = sourcecode.swift; path = MapViewScreen.swift; sourceTree = "<group>"; };
		6A359B0E292F7C940065AF96 /* MapKit.framework */ = {isa = PBXFileReference; lastKnownFileType = wrapper.framework; name = MapKit.framework; path = System/Library/Frameworks/MapKit.framework; sourceTree = SDKROOT; };
		6A359B17292FAFC50065AF96 /* Place.swift */ = {isa = PBXFileReference; lastKnownFileType = sourcecode.swift; path = Place.swift; sourceTree = "<group>"; };
		6A366AA3292542590059CD29 /* RideModel.swift */ = {isa = PBXFileReference; lastKnownFileType = sourcecode.swift; path = RideModel.swift; sourceTree = "<group>"; };
		6A366AA8292544AD0059CD29 /* RideCard.swift */ = {isa = PBXFileReference; lastKnownFileType = sourcecode.swift; path = RideCard.swift; sourceTree = "<group>"; };
		6A418AB829264C4800E82224 /* MapView.swift */ = {isa = PBXFileReference; lastKnownFileType = sourcecode.swift; path = MapView.swift; sourceTree = "<group>"; };
		6A418ABA29264EBB00E82224 /* RideListView.swift */ = {isa = PBXFileReference; lastKnownFileType = sourcecode.swift; path = RideListView.swift; sourceTree = "<group>"; };
		6A5964502921466900EE9B52 /* sharemyway.app */ = {isa = PBXFileReference; explicitFileType = wrapper.application; includeInIndex = 0; path = sharemyway.app; sourceTree = BUILT_PRODUCTS_DIR; };
		6A5964532921466900EE9B52 /* sharemyway.swift */ = {isa = PBXFileReference; lastKnownFileType = sourcecode.swift; path = sharemyway.swift; sourceTree = "<group>"; };
		6A5964552921466900EE9B52 /* ContentView.swift */ = {isa = PBXFileReference; lastKnownFileType = sourcecode.swift; path = ContentView.swift; sourceTree = "<group>"; };
		6A5964572921466B00EE9B52 /* Assets.xcassets */ = {isa = PBXFileReference; lastKnownFileType = folder.assetcatalog; path = Assets.xcassets; sourceTree = "<group>"; };
		6A59645A2921466B00EE9B52 /* Preview Assets.xcassets */ = {isa = PBXFileReference; lastKnownFileType = folder.assetcatalog; path = "Preview Assets.xcassets"; sourceTree = "<group>"; };
		6A98E21129262AB000260AB2 /* RideDetailView.swift */ = {isa = PBXFileReference; lastKnownFileType = sourcecode.swift; path = RideDetailView.swift; sourceTree = "<group>"; };
/* End PBXFileReference section */

/* Begin PBXFrameworksBuildPhase section */
		6A59644D2921466900EE9B52 /* Frameworks */ = {
			isa = PBXFrameworksBuildPhase;
			buildActionMask = 2147483647;
			files = (
				6A359B14292F7D470065AF96 /* MapKit.framework in Frameworks */,
			);
			runOnlyForDeploymentPostprocessing = 0;
		};
/* End PBXFrameworksBuildPhase section */

/* Begin PBXGroup section */
		6A359B0D292F7C930065AF96 /* Frameworks */ = {
			isa = PBXGroup;
			children = (
				6A359B0E292F7C940065AF96 /* MapKit.framework */,
			);
			name = Frameworks;
			sourceTree = "<group>";
		};
		6A366AA2292542240059CD29 /* Models */ = {
			isa = PBXGroup;
			children = (
				6A366AA3292542590059CD29 /* RideModel.swift */,
				6A359B09292F6FC50065AF96 /* MapViewModel.swift */,
				6A359B17292FAFC50065AF96 /* Place.swift */,
			);
			path = Models;
			sourceTree = "<group>";
		};
		6A366AA52925446F0059CD29 /* Components */ = {
			isa = PBXGroup;
			children = (
				6A366AA8292544AD0059CD29 /* RideCard.swift */,
			);
			path = Components;
			sourceTree = "<group>";
		};
		6A5964472921466900EE9B52 = {
			isa = PBXGroup;
			children = (
				6A5964522921466900EE9B52 /* sharemyway */,
				6A5964512921466900EE9B52 /* Products */,
				6A359B0D292F7C930065AF96 /* Frameworks */,
			);
			sourceTree = "<group>";
		};
		6A5964512921466900EE9B52 /* Products */ = {
			isa = PBXGroup;
			children = (
				6A5964502921466900EE9B52 /* sharemyway.app */,
			);
			name = Products;
			sourceTree = "<group>";
		};
		6A5964522921466900EE9B52 /* sharemyway */ = {
			isa = PBXGroup;
			children = (
				6A5964532921466900EE9B52 /* sharemyway.swift */,
				6A98E2102926247F00260AB2 /* Views */,
				6A366AA52925446F0059CD29 /* Components */,
				6A366AA2292542240059CD29 /* Models */,
				6A5964572921466B00EE9B52 /* Assets.xcassets */,
				6A5964592921466B00EE9B52 /* Preview Content */,
			);
			path = sharemyway;
			sourceTree = "<group>";
		};
		6A5964592921466B00EE9B52 /* Preview Content */ = {
			isa = PBXGroup;
			children = (
				6A59645A2921466B00EE9B52 /* Preview Assets.xcassets */,
			);
			path = "Preview Content";
			sourceTree = "<group>";
		};
		6A98E2102926247F00260AB2 /* Views */ = {
			isa = PBXGroup;
			children = (
				6A5964552921466900EE9B52 /* ContentView.swift */,
				6A98E21129262AB000260AB2 /* RideDetailView.swift */,
				6A418AB829264C4800E82224 /* MapView.swift */,
				6A418ABA29264EBB00E82224 /* RideListView.swift */,
				6A359B0B292F71B10065AF96 /* MapViewScreen.swift */,
			);
			path = Views;
			sourceTree = "<group>";
		};
/* End PBXGroup section */

/* Begin PBXNativeTarget section */
		6A59644F2921466900EE9B52 /* sharemyway */ = {
			isa = PBXNativeTarget;
			buildConfigurationList = 6A59645E2921466B00EE9B52 /* Build configuration list for PBXNativeTarget "sharemyway" */;
			buildPhases = (
				6A59644C2921466900EE9B52 /* Sources */,
				6A59644D2921466900EE9B52 /* Frameworks */,
				6A59644E2921466900EE9B52 /* Resources */,
			);
			buildRules = (
			);
			dependencies = (
			);
			name = sharemyway;
			productName = sharemyway;
			productReference = 6A5964502921466900EE9B52 /* sharemyway.app */;
			productType = "com.apple.product-type.application";
		};
/* End PBXNativeTarget section */

/* Begin PBXProject section */
		6A5964482921466900EE9B52 /* Project object */ = {
			isa = PBXProject;
			attributes = {
				BuildIndependentTargetsInParallel = 1;
				LastSwiftUpdateCheck = 1400;
				LastUpgradeCheck = 1400;
				TargetAttributes = {
					6A59644F2921466900EE9B52 = {
						CreatedOnToolsVersion = 14.0.1;
					};
				};
			};
			buildConfigurationList = 6A59644B2921466900EE9B52 /* Build configuration list for PBXProject "sharemyway" */;
			compatibilityVersion = "Xcode 14.0";
			developmentRegion = en;
			hasScannedForEncodings = 0;
			knownRegions = (
				en,
				Base,
			);
			mainGroup = 6A5964472921466900EE9B52;
			productRefGroup = 6A5964512921466900EE9B52 /* Products */;
			projectDirPath = "";
			projectRoot = "";
			targets = (
				6A59644F2921466900EE9B52 /* sharemyway */,
			);
		};
/* End PBXProject section */

/* Begin PBXResourcesBuildPhase section */
		6A59644E2921466900EE9B52 /* Resources */ = {
			isa = PBXResourcesBuildPhase;
			buildActionMask = 2147483647;
			files = (
				6A59645B2921466B00EE9B52 /* Preview Assets.xcassets in Resources */,
				6A5964582921466B00EE9B52 /* Assets.xcassets in Resources */,
			);
			runOnlyForDeploymentPostprocessing = 0;
		};
/* End PBXResourcesBuildPhase section */

/* Begin PBXSourcesBuildPhase section */
		6A59644C2921466900EE9B52 /* Sources */ = {
			isa = PBXSourcesBuildPhase;
			buildActionMask = 2147483647;
			files = (
				6A5964562921466900EE9B52 /* ContentView.swift in Sources */,
				6A418AB929264C4800E82224 /* MapView.swift in Sources */,
				6A98E21229262AB000260AB2 /* RideDetailView.swift in Sources */,
				6A5964542921466900EE9B52 /* sharemyway.swift in Sources */,
				6A366AA4292542590059CD29 /* RideModel.swift in Sources */,
				6A359B0C292F71B10065AF96 /* MapViewScreen.swift in Sources */,
				6A418ABB29264EBB00E82224 /* RideListView.swift in Sources */,
				6A366AA9292544AD0059CD29 /* RideCard.swift in Sources */,
				6A359B0A292F6FC50065AF96 /* MapViewModel.swift in Sources */,
				6A359B18292FAFC50065AF96 /* Place.swift in Sources */,
			);
			runOnlyForDeploymentPostprocessing = 0;
		};
/* End PBXSourcesBuildPhase section */

/* Begin XCBuildConfiguration section */
		6A59645C2921466B00EE9B52 /* Debug */ = {
			isa = XCBuildConfiguration;
			buildSettings = {
				ALWAYS_SEARCH_USER_PATHS = NO;
				CLANG_ANALYZER_NONNULL = YES;
				CLANG_ANALYZER_NUMBER_OBJECT_CONVERSION = YES_AGGRESSIVE;
				CLANG_CXX_LANGUAGE_STANDARD = "gnu++20";
				CLANG_ENABLE_MODULES = YES;
				CLANG_ENABLE_OBJC_ARC = YES;
				CLANG_ENABLE_OBJC_WEAK = YES;
				CLANG_WARN_BLOCK_CAPTURE_AUTORELEASING = YES;
				CLANG_WARN_BOOL_CONVERSION = YES;
				CLANG_WARN_COMMA = YES;
				CLANG_WARN_CONSTANT_CONVERSION = YES;
				CLANG_WARN_DEPRECATED_OBJC_IMPLEMENTATIONS = YES;
				CLANG_WARN_DIRECT_OBJC_ISA_USAGE = YES_ERROR;
				CLANG_WARN_DOCUMENTATION_COMMENTS = YES;
				CLANG_WARN_EMPTY_BODY = YES;
				CLANG_WARN_ENUM_CONVERSION = YES;
				CLANG_WARN_INFINITE_RECURSION = YES;
				CLANG_WARN_INT_CONVERSION = YES;
				CLANG_WARN_NON_LITERAL_NULL_CONVERSION = YES;
				CLANG_WARN_OBJC_IMPLICIT_RETAIN_SELF = YES;
				CLANG_WARN_OBJC_LITERAL_CONVERSION = YES;
				CLANG_WARN_OBJC_ROOT_CLASS = YES_ERROR;
				CLANG_WARN_QUOTED_INCLUDE_IN_FRAMEWORK_HEADER = YES;
				CLANG_WARN_RANGE_LOOP_ANALYSIS = YES;
				CLANG_WARN_STRICT_PROTOTYPES = YES;
				CLANG_WARN_SUSPICIOUS_MOVE = YES;
				CLANG_WARN_UNGUARDED_AVAILABILITY = YES_AGGRESSIVE;
				CLANG_WARN_UNREACHABLE_CODE = YES;
				CLANG_WARN__DUPLICATE_METHOD_MATCH = YES;
				COPY_PHASE_STRIP = NO;
				DEBUG_INFORMATION_FORMAT = dwarf;
				ENABLE_STRICT_OBJC_MSGSEND = YES;
				ENABLE_TESTABILITY = YES;
				GCC_C_LANGUAGE_STANDARD = gnu11;
				GCC_DYNAMIC_NO_PIC = NO;
				GCC_NO_COMMON_BLOCKS = YES;
				GCC_OPTIMIZATION_LEVEL = 0;
				GCC_PREPROCESSOR_DEFINITIONS = (
					"DEBUG=1",
					"$(inherited)",
				);
				GCC_WARN_64_TO_32_BIT_CONVERSION = YES;
				GCC_WARN_ABOUT_RETURN_TYPE = YES_ERROR;
				GCC_WARN_UNDECLARED_SELECTOR = YES;
				GCC_WARN_UNINITIALIZED_AUTOS = YES_AGGRESSIVE;
				GCC_WARN_UNUSED_FUNCTION = YES;
				GCC_WARN_UNUSED_VARIABLE = YES;
				IPHONEOS_DEPLOYMENT_TARGET = 16.0;
				MTL_ENABLE_DEBUG_INFO = INCLUDE_SOURCE;
				MTL_FAST_MATH = YES;
				ONLY_ACTIVE_ARCH = YES;
				SDKROOT = iphoneos;
				SWIFT_ACTIVE_COMPILATION_CONDITIONS = DEBUG;
				SWIFT_OPTIMIZATION_LEVEL = "-Onone";
			};
			name = Debug;
		};
		6A59645D2921466B00EE9B52 /* Release */ = {
			isa = XCBuildConfiguration;
			buildSettings = {
				ALWAYS_SEARCH_USER_PATHS = NO;
				CLANG_ANALYZER_NONNULL = YES;
				CLANG_ANALYZER_NUMBER_OBJECT_CONVERSION = YES_AGGRESSIVE;
				CLANG_CXX_LANGUAGE_STANDARD = "gnu++20";
				CLANG_ENABLE_MODULES = YES;
				CLANG_ENABLE_OBJC_ARC = YES;
				CLANG_ENABLE_OBJC_WEAK = YES;
				CLANG_WARN_BLOCK_CAPTURE_AUTORELEASING = YES;
				CLANG_WARN_BOOL_CONVERSION = YES;
				CLANG_WARN_COMMA = YES;
				CLANG_WARN_CONSTANT_CONVERSION = YES;
				CLANG_WARN_DEPRECATED_OBJC_IMPLEMENTATIONS = YES;
				CLANG_WARN_DIRECT_OBJC_ISA_USAGE = YES_ERROR;
				CLANG_WARN_DOCUMENTATION_COMMENTS = YES;
				CLANG_WARN_EMPTY_BODY = YES;
				CLANG_WARN_ENUM_CONVERSION = YES;
				CLANG_WARN_INFINITE_RECURSION = YES;
				CLANG_WARN_INT_CONVERSION = YES;
				CLANG_WARN_NON_LITERAL_NULL_CONVERSION = YES;
				CLANG_WARN_OBJC_IMPLICIT_RETAIN_SELF = YES;
				CLANG_WARN_OBJC_LITERAL_CONVERSION = YES;
				CLANG_WARN_OBJC_ROOT_CLASS = YES_ERROR;
				CLANG_WARN_QUOTED_INCLUDE_IN_FRAMEWORK_HEADER = YES;
				CLANG_WARN_RANGE_LOOP_ANALYSIS = YES;
				CLANG_WARN_STRICT_PROTOTYPES = YES;
				CLANG_WARN_SUSPICIOUS_MOVE = YES;
				CLANG_WARN_UNGUARDED_AVAILABILITY = YES_AGGRESSIVE;
				CLANG_WARN_UNREACHABLE_CODE = YES;
				CLANG_WARN__DUPLICATE_METHOD_MATCH = YES;
				COPY_PHASE_STRIP = NO;
				DEBUG_INFORMATION_FORMAT = "dwarf-with-dsym";
				ENABLE_NS_ASSERTIONS = NO;
				ENABLE_STRICT_OBJC_MSGSEND = YES;
				GCC_C_LANGUAGE_STANDARD = gnu11;
				GCC_NO_COMMON_BLOCKS = YES;
				GCC_WARN_64_TO_32_BIT_CONVERSION = YES;
				GCC_WARN_ABOUT_RETURN_TYPE = YES_ERROR;
				GCC_WARN_UNDECLARED_SELECTOR = YES;
				GCC_WARN_UNINITIALIZED_AUTOS = YES_AGGRESSIVE;
				GCC_WARN_UNUSED_FUNCTION = YES;
				GCC_WARN_UNUSED_VARIABLE = YES;
				IPHONEOS_DEPLOYMENT_TARGET = 16.0;
				MTL_ENABLE_DEBUG_INFO = NO;
				MTL_FAST_MATH = YES;
				SDKROOT = iphoneos;
				SWIFT_COMPILATION_MODE = wholemodule;
				SWIFT_OPTIMIZATION_LEVEL = "-O";
				VALIDATE_PRODUCT = YES;
			};
			name = Release;
		};
		6A59645F2921466B00EE9B52 /* Debug */ = {
			isa = XCBuildConfiguration;
			buildSettings = {
				ASSETCATALOG_COMPILER_APPICON_NAME = AppIcon;
				ASSETCATALOG_COMPILER_GLOBAL_ACCENT_COLOR_NAME = AccentColor;
				CODE_SIGN_STYLE = Automatic;
				CURRENT_PROJECT_VERSION = 1;
				DEVELOPMENT_ASSET_PATHS = "\"sharemyway/Preview Content\"";
				DEVELOPMENT_TEAM = L3YQR2W59W;
				ENABLE_PREVIEWS = YES;
				GENERATE_INFOPLIST_FILE = YES;
				INFOPLIST_KEY_NSLocationWhenInUseUsageDescription = "Location needed to show your current position on the map";
				INFOPLIST_KEY_UIApplicationSceneManifest_Generation = YES;
				INFOPLIST_KEY_UIApplicationSupportsIndirectInputEvents = YES;
				INFOPLIST_KEY_UILaunchScreen_Generation = YES;
				INFOPLIST_KEY_UISupportedInterfaceOrientations_iPad = "UIInterfaceOrientationPortrait UIInterfaceOrientationPortraitUpsideDown UIInterfaceOrientationLandscapeLeft UIInterfaceOrientationLandscapeRight";
				INFOPLIST_KEY_UISupportedInterfaceOrientations_iPhone = "UIInterfaceOrientationPortrait UIInterfaceOrientationLandscapeLeft UIInterfaceOrientationLandscapeRight";
				LD_RUNPATH_SEARCH_PATHS = (
					"$(inherited)",
					"@executable_path/Frameworks",
				);
				MARKETING_VERSION = 1.0;
				PRODUCT_BUNDLE_IDENTIFIER = fi.metropolia.pavelc.sharemyway;
				PRODUCT_NAME = "$(TARGET_NAME)";
				SWIFT_EMIT_LOC_STRINGS = YES;
				SWIFT_VERSION = 5.0;
				TARGETED_DEVICE_FAMILY = "1,2";
			};
			name = Debug;
		};
		6A5964602921466B00EE9B52 /* Release */ = {
			isa = XCBuildConfiguration;
			buildSettings = {
				ASSETCATALOG_COMPILER_APPICON_NAME = AppIcon;
				ASSETCATALOG_COMPILER_GLOBAL_ACCENT_COLOR_NAME = AccentColor;
				CODE_SIGN_STYLE = Automatic;
				CURRENT_PROJECT_VERSION = 1;
				DEVELOPMENT_ASSET_PATHS = "\"sharemyway/Preview Content\"";
				DEVELOPMENT_TEAM = L3YQR2W59W;
				ENABLE_PREVIEWS = YES;
				GENERATE_INFOPLIST_FILE = YES;
				INFOPLIST_KEY_NSLocationWhenInUseUsageDescription = "Location needed to show your current position on the map";
				INFOPLIST_KEY_UIApplicationSceneManifest_Generation = YES;
				INFOPLIST_KEY_UIApplicationSupportsIndirectInputEvents = YES;
				INFOPLIST_KEY_UILaunchScreen_Generation = YES;
				INFOPLIST_KEY_UISupportedInterfaceOrientations_iPad = "UIInterfaceOrientationPortrait UIInterfaceOrientationPortraitUpsideDown UIInterfaceOrientationLandscapeLeft UIInterfaceOrientationLandscapeRight";
				INFOPLIST_KEY_UISupportedInterfaceOrientations_iPhone = "UIInterfaceOrientationPortrait UIInterfaceOrientationLandscapeLeft UIInterfaceOrientationLandscapeRight";
				LD_RUNPATH_SEARCH_PATHS = (
					"$(inherited)",
					"@executable_path/Frameworks",
				);
				MARKETING_VERSION = 1.0;
				PRODUCT_BUNDLE_IDENTIFIER = fi.metropolia.pavelc.sharemyway;
				PRODUCT_NAME = "$(TARGET_NAME)";
				SWIFT_EMIT_LOC_STRINGS = YES;
				SWIFT_VERSION = 5.0;
				TARGETED_DEVICE_FAMILY = "1,2";
			};
			name = Release;
		};
/* End XCBuildConfiguration section */

/* Begin XCConfigurationList section */
		6A59644B2921466900EE9B52 /* Build configuration list for PBXProject "sharemyway" */ = {
			isa = XCConfigurationList;
			buildConfigurations = (
				6A59645C2921466B00EE9B52 /* Debug */,
				6A59645D2921466B00EE9B52 /* Release */,
			);
			defaultConfigurationIsVisible = 0;
			defaultConfigurationName = Release;
		};
		6A59645E2921466B00EE9B52 /* Build configuration list for PBXNativeTarget "sharemyway" */ = {
			isa = XCConfigurationList;
			buildConfigurations = (
				6A59645F2921466B00EE9B52 /* Debug */,
				6A5964602921466B00EE9B52 /* Release */,
			);
			defaultConfigurationIsVisible = 0;
			defaultConfigurationName = Release;
		};
/* End XCConfigurationList section */
	};
	rootObject = 6A5964482921466900EE9B52 /* Project object */;
}
